PODS:
  - AFNetworking (3.1.0):
    - AFNetworking/NSURLSession (= 3.1.0)
    - AFNetworking/Reachability (= 3.1.0)
    - AFNetworking/Security (= 3.1.0)
    - AFNetworking/Serialization (= 3.1.0)
    - AFNetworking/UIKit (= 3.1.0)
  - AFNetworking/NSURLSession (3.1.0):
    - AFNetworking/Reachability
    - AFNetworking/Security
    - AFNetworking/Serialization
  - AFNetworking/Reachability (3.1.0)
  - AFNetworking/Security (3.1.0)
  - AFNetworking/Serialization (3.1.0)
  - AFNetworking/UIKit (3.1.0):
    - AFNetworking/NSURLSession
  - BaiduMap-iOS-SDK (3.0)

DEPENDENCIES:
  - AFNetworking (~> 3.1.0)
  - BaiduMap-iOS-SDK (~> 3.0)

SPEC CHECKSUMS:
  AFNetworking: 5e0e199f73d8626b11e79750991f5d173d1f8b67
  BaiduMap-iOS-SDK: f620ea8e35c93914b1d806bb11bfbd53839090ae

PODFILE CHECKSUM: c004878ee18bcd83ace45dd16991321a30aaa9ba

COCOAPODS: 1.2.0.beta.1
